
Microsoft Visual Studio Solution File, Format Version 12.00
# Visual Studio 14
VisualStudioVersion = 14.0.25123.0
MinimumVisualStudioVersion = 12.0
Project("{2150E333-8FDC-42A3-9474-1A3956D46DE8}") = "Filter", "Filter", "{FE789860-CDFE-48E5-AE02-E418DD3A0C6D}"
EndProject
Project("{2150E333-8FDC-42A3-9474-1A3956D46DE8}") = "User", "User", "{94944192-75BD-4A9E-B4DB-811E26C3A6E5}"
EndProject
Project("{8BC9CEB8-8B4A-11D0-8D11-00A0C91BC942}") = "MiniFSWatcherDriver", "MiniFSWatcherDriver\minispy.vcxproj", "{AB0153F1-D5E4-45E0-9308-5EF32974E9A1}"
EndProject
Project("{FAE04EC0-301F-11D3-BF4B-00C04F79EFBC}") = "MiniFSWatcher", "MiniFSWatcher\MiniFSWatcher.csproj", "{01BFC4EE-8FD7-44CE-A00E-DA542116F27D}"
EndProject
Project("{FAE04EC0-301F-11D3-BF4B-00C04F79EFBC}") = "MiniFSWatcherApp", "MiniFSWatcherApp\MiniFSWatcherApp.csproj", "{4FF23EB9-728F-4293-8F8B-F86FF391D36E}"
EndProject
Project("{FAE04EC0-301F-11D3-BF4B-00C04F79EFBC}") = "MiniFSWatcherTest", "MiniFSWatcherTest\MiniFSWatcherTest.csproj", "{6AEC70E0-4191-4373-ABC3-EBAD6B1BBE50}"
EndProject
Project("{8BC9CEB8-8B4A-11D0-8D11-00A0C91BC942}") = "MiniFSWatcherPackage", "MiniFSWatcherPackage\MiniFSWatcherPackage.vcxproj", "{89047C71-E058-482E-A4AF-CCC8CDA77612}"
EndProject
Global
	GlobalSection(SolutionConfigurationPlatforms) = preSolution
		Debug|Any CPU = Debug|Any CPU
		Debug|ARM = Debug|ARM
		Debug|ARM64 = Debug|ARM64
		Debug|Win32 = Debug|Win32
		Debug|x64 = Debug|x64
		Release|Any CPU = Release|Any CPU
		Release|ARM = Release|ARM
		Release|ARM64 = Release|ARM64
		Release|Win32 = Release|Win32
		Release|x64 = Release|x64
	EndGlobalSection
	GlobalSection(ProjectConfigurationPlatforms) = postSolution
		{AB0153F1-D5E4-45E0-9308-5EF32974E9A1}.Debug|Any CPU.ActiveCfg = Debug|Win32
		{AB0153F1-D5E4-45E0-9308-5EF32974E9A1}.Debug|ARM.ActiveCfg = Debug|Win32
		{AB0153F1-D5E4-45E0-9308-5EF32974E9A1}.Debug|ARM64.ActiveCfg = Debug|Win32
		{AB0153F1-D5E4-45E0-9308-5EF32974E9A1}.Debug|Win32.ActiveCfg = Debug|Win32
		{AB0153F1-D5E4-45E0-9308-5EF32974E9A1}.Debug|Win32.Build.0 = Debug|Win32
		{AB0153F1-D5E4-45E0-9308-5EF32974E9A1}.Debug|x64.ActiveCfg = Debug|x64
		{AB0153F1-D5E4-45E0-9308-5EF32974E9A1}.Debug|x64.Build.0 = Debug|x64
		{AB0153F1-D5E4-45E0-9308-5EF32974E9A1}.Release|Any CPU.ActiveCfg = Release|Win32
		{AB0153F1-D5E4-45E0-9308-5EF32974E9A1}.Release|ARM.ActiveCfg = Release|Win32
		{AB0153F1-D5E4-45E0-9308-5EF32974E9A1}.Release|ARM64.ActiveCfg = Release|Win32
		{AB0153F1-D5E4-45E0-9308-5EF32974E9A1}.Release|Win32.ActiveCfg = Release|Win32
		{AB0153F1-D5E4-45E0-9308-5EF32974E9A1}.Release|Win32.Build.0 = Release|Win32
		{AB0153F1-D5E4-45E0-9308-5EF32974E9A1}.Release|x64.ActiveCfg = Release|x64
		{AB0153F1-D5E4-45E0-9308-5EF32974E9A1}.Release|x64.Build.0 = Release|x64
		{01BFC4EE-8FD7-44CE-A00E-DA542116F27D}.Debug|Any CPU.ActiveCfg = Debug|Any CPU
		{01BFC4EE-8FD7-44CE-A00E-DA542116F27D}.Debug|Any CPU.Build.0 = Debug|Any CPU
		{01BFC4EE-8FD7-44CE-A00E-DA542116F27D}.Debug|ARM.ActiveCfg = Debug|Any CPU
		{01BFC4EE-8FD7-44CE-A00E-DA542116F27D}.Debug|ARM.Build.0 = Debug|Any CPU
		{01BFC4EE-8FD7-44CE-A00E-DA542116F27D}.Debug|ARM64.ActiveCfg = Debug|Any CPU
		{01BFC4EE-8FD7-44CE-A00E-DA542116F27D}.Debug|ARM64.Build.0 = Debug|Any CPU
		{01BFC4EE-8FD7-44CE-A00E-DA542116F27D}.Debug|Win32.ActiveCfg = Debug|Any CPU
		{01BFC4EE-8FD7-44CE-A00E-DA542116F27D}.Debug|Win32.Build.0 = Debug|Any CPU
		{01BFC4EE-8FD7-44CE-A00E-DA542116F27D}.Debug|x64.ActiveCfg = Debug|Any CPU
		{01BFC4EE-8FD7-44CE-A00E-DA542116F27D}.Debug|x64.Build.0 = Debug|Any CPU
		{01BFC4EE-8FD7-44CE-A00E-DA542116F27D}.Release|Any CPU.ActiveCfg = Release|Any CPU
		{01BFC4EE-8FD7-44CE-A00E-DA542116F27D}.Release|Any CPU.Build.0 = Release|Any CPU
		{01BFC4EE-8FD7-44CE-A00E-DA542116F27D}.Release|ARM.ActiveCfg = Release|Any CPU
		{01BFC4EE-8FD7-44CE-A00E-DA542116F27D}.Release|ARM.Build.0 = Release|Any CPU
		{01BFC4EE-8FD7-44CE-A00E-DA542116F27D}.Release|ARM64.ActiveCfg = Release|Any CPU
		{01BFC4EE-8FD7-44CE-A00E-DA542116F27D}.Release|ARM64.Build.0 = Release|Any CPU
		{01BFC4EE-8FD7-44CE-A00E-DA542116F27D}.Release|Win32.ActiveCfg = Release|Any CPU
		{01BFC4EE-8FD7-44CE-A00E-DA542116F27D}.Release|Win32.Build.0 = Release|Any CPU
		{01BFC4EE-8FD7-44CE-A00E-DA542116F27D}.Release|x64.ActiveCfg = Release|Any CPU
		{01BFC4EE-8FD7-44CE-A00E-DA542116F27D}.Release|x64.Build.0 = Release|Any CPU
		{4FF23EB9-728F-4293-8F8B-F86FF391D36E}.Debug|Any CPU.ActiveCfg = Debug|Any CPU
		{4FF23EB9-728F-4293-8F8B-F86FF391D36E}.Debug|Any CPU.Build.0 = Debug|Any CPU
		{4FF23EB9-728F-4293-8F8B-F86FF391D36E}.Debug|ARM.ActiveCfg = Debug|Any CPU
		{4FF23EB9-728F-4293-8F8B-F86FF391D36E}.Debug|ARM.Build.0 = Debug|Any CPU
		{4FF23EB9-728F-4293-8F8B-F86FF391D36E}.Debug|ARM64.ActiveCfg = Debug|Any CPU
		{4FF23EB9-728F-4293-8F8B-F86FF391D36E}.Debug|ARM64.Build.0 = Debug|Any CPU
		{4FF23EB9-728F-4293-8F8B-F86FF391D36E}.Debug|Win32.ActiveCfg = Debug|Any CPU
		{4FF23EB9-728F-4293-8F8B-F86FF391D36E}.Debug|Win32.Build.0 = Debug|Any CPU
		{4FF23EB9-728F-4293-8F8B-F86FF391D36E}.Debug|x64.ActiveCfg = Debug|Any CPU
		{4FF23EB9-728F-4293-8F8B-F86FF391D36E}.Debug|x64.Build.0 = Debug|Any CPU
		{4FF23EB9-728F-4293-8F8B-F86FF391D36E}.Release|Any CPU.ActiveCfg = Release|Any CPU
		{4FF23EB9-728F-4293-8F8B-F86FF391D36E}.Release|Any CPU.Build.0 = Release|Any CPU
		{4FF23EB9-728F-4293-8F8B-F86FF391D36E}.Release|ARM.ActiveCfg = Release|Any CPU
		{4FF23EB9-728F-4293-8F8B-F86FF391D36E}.Release|ARM.Build.0 = Release|Any CPU
		{4FF23EB9-728F-4293-8F8B-F86FF391D36E}.Release|ARM64.ActiveCfg = Release|Any CPU
		{4FF23EB9-728F-4293-8F8B-F86FF391D36E}.Release|ARM64.Build.0 = Release|Any CPU
		{4FF23EB9-728F-4293-8F8B-F86FF391D36E}.Release|Win32.ActiveCfg = Release|Any CPU
		{4FF23EB9-728F-4293-8F8B-F86FF391D36E}.Release|Win32.Build.0 = Release|Any CPU
		{4FF23EB9-728F-4293-8F8B-F86FF391D36E}.Release|x64.ActiveCfg = Release|Any CPU
		{4FF23EB9-728F-4293-8F8B-F86FF391D36E}.Release|x64.Build.0 = Release|Any CPU
		{6AEC70E0-4191-4373-ABC3-EBAD6B1BBE50}.Debug|Any CPU.ActiveCfg = Debug|Any CPU
		{6AEC70E0-4191-4373-ABC3-EBAD6B1BBE50}.Debug|Any CPU.Build.0 = Debug|Any CPU
		{6AEC70E0-4191-4373-ABC3-EBAD6B1BBE50}.Debug|ARM.ActiveCfg = Debug|Any CPU
		{6AEC70E0-4191-4373-ABC3-EBAD6B1BBE50}.Debug|ARM.Build.0 = Debug|Any CPU
		{6AEC70E0-4191-4373-ABC3-EBAD6B1BBE50}.Debug|ARM64.ActiveCfg = Debug|Any CPU
		{6AEC70E0-4191-4373-ABC3-EBAD6B1BBE50}.Debug|ARM64.Build.0 = Debug|Any CPU
		{6AEC70E0-4191-4373-ABC3-EBAD6B1BBE50}.Debug|Win32.ActiveCfg = Debug|Any CPU
		{6AEC70E0-4191-4373-ABC3-EBAD6B1BBE50}.Debug|Win32.Build.0 = Debug|Any CPU
		{6AEC70E0-4191-4373-ABC3-EBAD6B1BBE50}.Debug|x64.ActiveCfg = Debug|Any CPU
		{6AEC70E0-4191-4373-ABC3-EBAD6B1BBE50}.Debug|x64.Build.0 = Debug|Any CPU
		{6AEC70E0-4191-4373-ABC3-EBAD6B1BBE50}.Release|Any CPU.ActiveCfg = Release|Any CPU
		{6AEC70E0-4191-4373-ABC3-EBAD6B1BBE50}.Release|Any CPU.Build.0 = Release|Any CPU
		{6AEC70E0-4191-4373-ABC3-EBAD6B1BBE50}.Release|ARM.ActiveCfg = Release|Any CPU
		{6AEC70E0-4191-4373-ABC3-EBAD6B1BBE50}.Release|ARM.Build.0 = Release|Any CPU
		{6AEC70E0-4191-4373-ABC3-EBAD6B1BBE50}.Release|ARM64.ActiveCfg = Release|Any CPU
		{6AEC70E0-4191-4373-ABC3-EBAD6B1BBE50}.Release|ARM64.Build.0 = Release|Any CPU
		{6AEC70E0-4191-4373-ABC3-EBAD6B1BBE50}.Release|Win32.ActiveCfg = Release|Any CPU
		{6AEC70E0-4191-4373-ABC3-EBAD6B1BBE50}.Release|Win32.Build.0 = Release|Any CPU
		{6AEC70E0-4191-4373-ABC3-EBAD6B1BBE50}.Release|x64.ActiveCfg = Release|Any CPU
		{6AEC70E0-4191-4373-ABC3-EBAD6B1BBE50}.Release|x64.Build.0 = Release|Any CPU
		{89047C71-E058-482E-A4AF-CCC8CDA77612}.Debug|Any CPU.ActiveCfg = Debug|Win32
		{89047C71-E058-482E-A4AF-CCC8CDA77612}.Debug|ARM.ActiveCfg = Debug|ARM
		{89047C71-E058-482E-A4AF-CCC8CDA77612}.Debug|ARM.Build.0 = Debug|ARM
		{89047C71-E058-482E-A4AF-CCC8CDA77612}.Debug|ARM.Deploy.0 = Debug|ARM
		{89047C71-E058-482E-A4AF-CCC8CDA77612}.Debug|ARM64.ActiveCfg = Debug|ARM64
		{89047C71-E058-482E-A4AF-CCC8CDA77612}.Debug|ARM64.Build.0 = Debug|ARM64
		{89047C71-E058-482E-A4AF-CCC8CDA77612}.Debug|ARM64.Deploy.0 = Debug|ARM64
		{89047C71-E058-482E-A4AF-CCC8CDA77612}.Debug|Win32.ActiveCfg = Debug|Win32
		{89047C71-E058-482E-A4AF-CCC8CDA77612}.Debug|Win32.Build.0 = Debug|Win32
		{89047C71-E058-482E-A4AF-CCC8CDA77612}.Debug|Win32.Deploy.0 = Debug|Win32
		{89047C71-E058-482E-A4AF-CCC8CDA77612}.Debug|x64.ActiveCfg = Debug|x64
		{89047C71-E058-482E-A4AF-CCC8CDA77612}.Debug|x64.Build.0 = Debug|x64
		{89047C71-E058-482E-A4AF-CCC8CDA77612}.Debug|x64.Deploy.0 = Debug|x64
		{89047C71-E058-482E-A4AF-CCC8CDA77612}.Release|Any CPU.ActiveCfg = Release|Win32
		{89047C71-E058-482E-A4AF-CCC8CDA77612}.Release|ARM.ActiveCfg = Release|ARM
		{89047C71-E058-482E-A4AF-CCC8CDA77612}.Release|ARM.Build.0 = Release|ARM
		{89047C71-E058-482E-A4AF-CCC8CDA77612}.Release|ARM.Deploy.0 = Release|ARM
		{89047C71-E058-482E-A4AF-CCC8CDA77612}.Release|ARM64.ActiveCfg = Release|ARM64
		{89047C71-E058-482E-A4AF-CCC8CDA77612}.Release|ARM64.Build.0 = Release|ARM64
		{89047C71-E058-482E-A4AF-CCC8CDA77612}.Release|ARM64.Deploy.0 = Release|ARM64
		{89047C71-E058-482E-A4AF-CCC8CDA77612}.Release|Win32.ActiveCfg = Release|Win32
		{89047C71-E058-482E-A4AF-CCC8CDA77612}.Release|Win32.Build.0 = Release|Win32
		{89047C71-E058-482E-A4AF-CCC8CDA77612}.Release|Win32.Deploy.0 = Release|Win32
		{89047C71-E058-482E-A4AF-CCC8CDA77612}.Release|x64.ActiveCfg = Release|x64
		{89047C71-E058-482E-A4AF-CCC8CDA77612}.Release|x64.Build.0 = Release|x64
		{89047C71-E058-482E-A4AF-CCC8CDA77612}.Release|x64.Deploy.0 = Release|x64
	EndGlobalSection
	GlobalSection(SolutionProperties) = preSolution
		HideSolutionNode = FALSE
	EndGlobalSection
	GlobalSection(NestedProjects) = preSolution
		{AB0153F1-D5E4-45E0-9308-5EF32974E9A1} = {FE789860-CDFE-48E5-AE02-E418DD3A0C6D}
		{01BFC4EE-8FD7-44CE-A00E-DA542116F27D} = {94944192-75BD-4A9E-B4DB-811E26C3A6E5}
		{4FF23EB9-728F-4293-8F8B-F86FF391D36E} = {94944192-75BD-4A9E-B4DB-811E26C3A6E5}
		{6AEC70E0-4191-4373-ABC3-EBAD6B1BBE50} = {94944192-75BD-4A9E-B4DB-811E26C3A6E5}
		{89047C71-E058-482E-A4AF-CCC8CDA77612} = {FE789860-CDFE-48E5-AE02-E418DD3A0C6D}
	EndGlobalSection
EndGlobal
